
Microsoft Visual Studio Solution File, Format Version 12.00
# Visual Studio Version 16
VisualStudioVersion = 16.0.32413.511
MinimumVisualStudioVersion = 10.0.40219.1
Project("{FAE04EC0-301F-11D3-BF4B-00C04F79EFBC}") = "AbastecimentodeCombustivelApp", "AbastecimentodeCombustivelApp\AbastecimentodeCombustivelApp.csproj", "{A75FA3B5-B4E4-4577-868C-8658F72C2E94}"
EndProject
Global
	GlobalSection(SolutionConfigurationPlatforms) = preSolution
		Debug|Any CPU = Debug|Any CPU
		Release|Any CPU = Release|Any CPU
	EndGlobalSection
	GlobalSection(ProjectConfigurationPlatforms) = postSolution
		{A75FA3B5-B4E4-4577-868C-8658F72C2E94}.Debug|Any CPU.ActiveCfg = Debug|Any CPU
		{A75FA3B5-B4E4-4577-868C-8658F72C2E94}.Debug|Any CPU.Build.0 = Debug|Any CPU
		{A75FA3B5-B4E4-4577-868C-8658F72C2E94}.Release|Any CPU.ActiveCfg = Release|Any CPU
		{A75FA3B5-B4E4-4577-868C-8658F72C2E94}.Release|Any CPU.Build.0 = Release|Any CPU
	EndGlobalSection
	GlobalSection(SolutionProperties) = preSolution
		HideSolutionNode = FALSE
	EndGlobalSection
	GlobalSection(ExtensibilityGlobals) = postSolution
		SolutionGuid = {31CF2AD8-8BC0-41C9-9327-B243F0FDAB93}
	EndGlobalSection
EndGlobal
